
Microsoft Visual Studio Solution File, Format Version 12.00
# Visual Studio Version 16
VisualStudioVersion = 16.0.29911.84
MinimumVisualStudioVersion = 10.0.40219.1
Project("{FAE04EC0-301F-11D3-BF4B-00C04F79EFBC}") = "Sysquo", "Sysquo\Sysquo.csproj", "{E8F80A39-4148-4C64-95A8-A201664FEA62}"
EndProject
Global
	GlobalSection(SolutionConfigurationPlatforms) = preSolution
		Debug|Any CPU = Debug|Any CPU
		Release|Any CPU = Release|Any CPU
	EndGlobalSection
	GlobalSection(ProjectConfigurationPlatforms) = postSolution
		{E8F80A39-4148-4C64-95A8-A201664FEA62}.Debug|Any CPU.ActiveCfg = Debug|Any CPU
		{E8F80A39-4148-4C64-95A8-A201664FEA62}.Debug|Any CPU.Build.0 = Debug|Any CPU
		{E8F80A39-4148-4C64-95A8-A201664FEA62}.Release|Any CPU.ActiveCfg = Release|Any CPU
		{E8F80A39-4148-4C64-95A8-A201664FEA62}.Release|Any CPU.Build.0 = Release|Any CPU
	EndGlobalSection
	GlobalSection(SolutionProperties) = preSolution
		HideSolutionNode = FALSE
	EndGlobalSection
	GlobalSection(ExtensibilityGlobals) = postSolution
		SolutionGuid = {688A985F-5D5E-4FB9-B5F4-D11CD2A9A412}
	EndGlobalSection
EndGlobal
